
Microsoft Visual Studio Solution File, Format Version 12.00
# Visual Studio Version 16
VisualStudioVersion = 16.0.29418.71
MinimumVisualStudioVersion = 10.0.40219.1
Project("{FAE04EC0-301F-11D3-BF4B-00C04F79EFBC}") = "GlassSky", "GlassSky\GlassSky.csproj", "{8EB4D92F-2FDB-44F3-AE3F-DF94CC3F39B9}"
EndProject
Global
	GlobalSection(SolutionConfigurationPlatforms) = preSolution
		Debug|Any CPU = Debug|Any CPU
		Release|Any CPU = Release|Any CPU
	EndGlobalSection
	GlobalSection(ProjectConfigurationPlatforms) = postSolution
		{8EB4D92F-2FDB-44F3-AE3F-DF94CC3F39B9}.Debug|Any CPU.ActiveCfg = Debug|Any CPU
		{8EB4D92F-2FDB-44F3-AE3F-DF94CC3F39B9}.Debug|Any CPU.Build.0 = Debug|Any CPU
		{8EB4D92F-2FDB-44F3-AE3F-DF94CC3F39B9}.Release|Any CPU.ActiveCfg = Release|Any CPU
		{8EB4D92F-2FDB-44F3-AE3F-DF94CC3F39B9}.Release|Any CPU.Build.0 = Release|Any CPU
	EndGlobalSection
	GlobalSection(SolutionProperties) = preSolution
		HideSolutionNode = FALSE
	EndGlobalSection
	GlobalSection(ExtensibilityGlobals) = postSolution
		SolutionGuid = {02242CA9-7E22-4DCF-8ABE-0C8B4695FEB8}
	EndGlobalSection
EndGlobal
